
Microsoft Visual Studio Solution File, Format Version 12.00
# Visual Studio 15
VisualStudioVersion = 15.0.26403.7
MinimumVisualStudioVersion = 10.0.40219.1
Project("{FAE04EC0-301F-11D3-BF4B-00C04F79EFBC}") = "Sandbox", "Sandbox\Sandbox.csproj", "{574CCAFB-5644-47FD-815E-0AA39773CFE9}"
EndProject
Project("{FAE04EC0-301F-11D3-BF4B-00C04F79EFBC}") = "Framework", "Framework\Framework.csproj", "{781A0185-F28F-40A7-869F-AD8A17FEFE6A}"
EndProject
Global
	GlobalSection(SolutionConfigurationPlatforms) = preSolution
		Debug|Any CPU = Debug|Any CPU
		Release|Any CPU = Release|Any CPU
	EndGlobalSection
	GlobalSection(ProjectConfigurationPlatforms) = postSolution
		{574CCAFB-5644-47FD-815E-0AA39773CFE9}.Debug|Any CPU.ActiveCfg = Debug|Any CPU
		{574CCAFB-5644-47FD-815E-0AA39773CFE9}.Debug|Any CPU.Build.0 = Debug|Any CPU
		{574CCAFB-5644-47FD-815E-0AA39773CFE9}.Release|Any CPU.ActiveCfg = Release|Any CPU
		{574CCAFB-5644-47FD-815E-0AA39773CFE9}.Release|Any CPU.Build.0 = Release|Any CPU
		{781A0185-F28F-40A7-869F-AD8A17FEFE6A}.Debug|Any CPU.ActiveCfg = Debug|Any CPU
		{781A0185-F28F-40A7-869F-AD8A17FEFE6A}.Debug|Any CPU.Build.0 = Debug|Any CPU
		{781A0185-F28F-40A7-869F-AD8A17FEFE6A}.Release|Any CPU.ActiveCfg = Release|Any CPU
		{781A0185-F28F-40A7-869F-AD8A17FEFE6A}.Release|Any CPU.Build.0 = Release|Any CPU
	EndGlobalSection
	GlobalSection(SolutionProperties) = preSolution
		HideSolutionNode = FALSE
	EndGlobalSection
EndGlobal
